// !$*UTF8*$!
{
	archiveVersion = 1;
	classes = {
	};
	objectVersion = 77;
	objects = {

/* Begin PBXBuildFile section */
		DD5ADE7C2ED54AB300F48307 /* EditItemView 2.swift in Sources */ = {isa = PBXBuildFile; fileRef = DD5ADE7B2ED54AB300F48307 /* EditItemView 2.swift */; };
		DD9DD3B82ED53600007E1AD1 /* VaultGridView.swift in Sources */ = {isa = PBXBuildFile; fileRef = DD9DD3AF2ED53600007E1AD1 /* VaultGridView.swift */; };
		DD9DD3B92ED53600007E1AD1 /* VaultViewModel.swift in Sources */ = {isa = PBXBuildFile; fileRef = DD9DD3942ED53600007E1AD1 /* VaultViewModel.swift */; };
		DD9DD3BA2ED53600007E1AD1 /* VideoInputView.swift in Sources */ = {isa = PBXBuildFile; fileRef = DD9DD39C2ED53600007E1AD1 /* VideoInputView.swift */; };
		DD9DD3BB2ED53600007E1AD1 /* TimeLockedItem+CoreDataProperties.swift in Sources */ = {isa = PBXBuildFile; fileRef = DD9DD3812ED53600007E1AD1 /* TimeLockedItem+CoreDataProperties.swift */; };
		DD9DD3BC2ED53600007E1AD1 /* AuthenticationService.swift in Sources */ = {isa = PBXBuildFile; fileRef = DD9DD3872ED53600007E1AD1 /* AuthenticationService.swift */; };
		DD9DD3BD2ED53600007E1AD1 /* URLViewer.swift in Sources */ = {isa = PBXBuildFile; fileRef = DD9DD3A32ED53600007E1AD1 /* URLViewer.swift */; };
		DD9DD3BE2ED53600007E1AD1 /* KeychainManager.swift in Sources */ = {isa = PBXBuildFile; fileRef = DD9DD3902ED53600007E1AD1 /* KeychainManager.swift */; };
		DD9DD3BF2ED53600007E1AD1 /* LockedItemCard.swift in Sources */ = {isa = PBXBuildFile; fileRef = DD9DD3AD2ED53600007E1AD1 /* LockedItemCard.swift */; };
		DD9DD3C02ED53600007E1AD1 /* ImageInputView.swift in Sources */ = {isa = PBXBuildFile; fileRef = DD9DD3992ED53600007E1AD1 /* ImageInputView.swift */; };
		DD9DD3C12ED53600007E1AD1 /* CodeInputView.swift in Sources */ = {isa = PBXBuildFile; fileRef = DD9DD3972ED53600007E1AD1 /* CodeInputView.swift */; };
		DD9DD3C22ED53600007E1AD1 /* VaultListView.swift in Sources */ = {isa = PBXBuildFile; fileRef = DD9DD3B02ED53600007E1AD1 /* VaultListView.swift */; };
		DD9DD3C32ED53600007E1AD1 /* ImageViewer.swift in Sources */ = {isa = PBXBuildFile; fileRef = DD9DD3A12ED53600007E1AD1 /* ImageViewer.swift */; };
		DD9DD3C42ED53600007E1AD1 /* VoiceInputView.swift in Sources */ = {isa = PBXBuildFile; fileRef = DD9DD39D2ED53600007E1AD1 /* VoiceInputView.swift */; };
		DD9DD3C52ED53600007E1AD1 /* CreateItemView.swift in Sources */ = {isa = PBXBuildFile; fileRef = DD9DD3982ED53600007E1AD1 /* CreateItemView.swift */; };
		DD9DD3C62ED53600007E1AD1 /* AudioViewer.swift in Sources */ = {isa = PBXBuildFile; fileRef = DD9DD39F2ED53600007E1AD1 /* AudioViewer.swift */; };
		DD9DD3C72ED53600007E1AD1 /* AuthenticationView.swift in Sources */ = {isa = PBXBuildFile; fileRef = DD9DD3B32ED53600007E1AD1 /* AuthenticationView.swift */; };
		DD9DD3C82ED53600007E1AD1 /* AudioInputView.swift in Sources */ = {isa = PBXBuildFile; fileRef = DD9DD3962ED53600007E1AD1 /* AudioInputView.swift */; };
		DD9DD3C92ED53600007E1AD1 /* UnlockedView.swift in Sources */ = {isa = PBXBuildFile; fileRef = DD9DD3AB2ED53600007E1AD1 /* UnlockedView.swift */; };
		DD9DD3CA2ED53600007E1AD1 /* CodeViewer.swift in Sources */ = {isa = PBXBuildFile; fileRef = DD9DD3A02ED53600007E1AD1 /* CodeViewer.swift */; };
		DD9DD3CB2ED53600007E1AD1 /* EncryptionService.swift in Sources */ = {isa = PBXBuildFile; fileRef = DD9DD3882ED53600007E1AD1 /* EncryptionService.swift */; };
		DD9DD3CC2ED53600007E1AD1 /* PersistenceController.swift in Sources */ = {isa = PBXBuildFile; fileRef = DD9DD37F2ED53600007E1AD1 /* PersistenceController.swift */; };
		DD9DD3CD2ED53600007E1AD1 /* AppDelegate.swift in Sources */ = {isa = PBXBuildFile; fileRef = DD9DD37B2ED53600007E1AD1 /* AppDelegate.swift */; };
		DD9DD3CE2ED53600007E1AD1 /* LockedItemRow.swift in Sources */ = {isa = PBXBuildFile; fileRef = DD9DD3AE2ED53600007E1AD1 /* LockedItemRow.swift */; };
		DD9DD3CF2ED53600007E1AD1 /* StorageService.swift in Sources */ = {isa = PBXBuildFile; fileRef = DD9DD38A2ED53600007E1AD1 /* StorageService.swift */; };
		DD9DD3D02ED53600007E1AD1 /* NotificationService.swift in Sources */ = {isa = PBXBuildFile; fileRef = DD9DD3892ED53600007E1AD1 /* NotificationService.swift */; };
		DD9DD3D12ED53600007E1AD1 /* UnlockStatus.swift in Sources */ = {isa = PBXBuildFile; fileRef = DD9DD3822ED53600007E1AD1 /* UnlockStatus.swift */; };
		DD9DD3D22ED53600007E1AD1 /* CreateItemViewModel.swift in Sources */ = {isa = PBXBuildFile; fileRef = DD9DD3922ED53600007E1AD1 /* CreateItemViewModel.swift */; };
		DD9DD3D32ED53600007E1AD1 /* ItemDetailView.swift in Sources */ = {isa = PBXBuildFile; fileRef = DD9DD3A62ED53600007E1AD1 /* ItemDetailView.swift */; };
		DD9DD3D42ED53600007E1AD1 /* Date+Extensions.swift in Sources */ = {isa = PBXBuildFile; fileRef = DD9DD38E2ED53600007E1AD1 /* Date+Extensions.swift */; };
		DD9DD3D52ED53600007E1AD1 /* SettingsView.swift in Sources */ = {isa = PBXBuildFile; fileRef = DD9DD3A92ED53600007E1AD1 /* SettingsView.swift */; };
		DD9DD3D62ED53600007E1AD1 /* UnlockService.swift in Sources */ = {isa = PBXBuildFile; fileRef = DD9DD38B2ED53600007E1AD1 /* UnlockService.swift */; };
		DD9DD3D72ED53600007E1AD1 /* VideoViewer.swift in Sources */ = {isa = PBXBuildFile; fileRef = DD9DD3A42ED53600007E1AD1 /* VideoViewer.swift */; };
		DD9DD3D82ED53600007E1AD1 /* MediaTypeSelector.swift in Sources */ = {isa = PBXBuildFile; fileRef = DD9DD39B2ED53600007E1AD1 /* MediaTypeSelector.swift */; };
		DD9DD3D92ED53600007E1AD1 /* MediaType.swift in Sources */ = {isa = PBXBuildFile; fileRef = DD9DD37E2ED53600007E1AD1 /* MediaType.swift */; };
		DD9DD3DA2ED53600007E1AD1 /* MediaInputView.swift in Sources */ = {isa = PBXBuildFile; fileRef = DD9DD39A2ED53600007E1AD1 /* MediaInputView.swift */; };
		DD9DD3DB2ED53600007E1AD1 /* VaultView.swift in Sources */ = {isa = PBXBuildFile; fileRef = DD9DD3B12ED53600007E1AD1 /* VaultView.swift */; };
		DD9DD3DC2ED53600007E1AD1 /* TimeLockedItem+CoreDataClass.swift in Sources */ = {isa = PBXBuildFile; fileRef = DD9DD3802ED53600007E1AD1 /* TimeLockedItem+CoreDataClass.swift */; };
		DD9DD3DD2ED53600007E1AD1 /* ItemDetailViewModel.swift in Sources */ = {isa = PBXBuildFile; fileRef = DD9DD3932ED53600007E1AD1 /* ItemDetailViewModel.swift */; };
		DD9DD3DE2ED53600007E1AD1 /* MindVault.xcdatamodeld in Sources */ = {isa = PBXBuildFile; fileRef = DD9DD3852ED53600007E1AD1 /* MindVault.xcdatamodeld */; };
		DD9DD3DF2ED53600007E1AD1 /* MindVaultApp.swift in Sources */ = {isa = PBXBuildFile; fileRef = DD9DD37C2ED53600007E1AD1 /* MindVaultApp.swift */; };
		DD9DD3E02ED53600007E1AD1 /* TextViewer.swift in Sources */ = {isa = PBXBuildFile; fileRef = DD9DD3A22ED53600007E1AD1 /* TextViewer.swift */; };
		DD9DD3E22ED53DA3007E1AD1 /* ContentView.swift in Sources */ = {isa = PBXBuildFile; fileRef = DD9DD3E12ED53DA3007E1AD1 /* ContentView.swift */; };
/* End PBXBuildFile section */

/* Begin PBXFileReference section */
		DD5ADE7B2ED54AB300F48307 /* EditItemView 2.swift */ = {isa = PBXFileReference; lastKnownFileType = sourcecode.swift; path = "EditItemView 2.swift"; sourceTree = "<group>"; };
		DD9DD36D2ED53568007E1AD1 /* mindvault.app */ = {isa = PBXFileReference; explicitFileType = wrapper.application; includeInIndex = 0; path = mindvault.app; sourceTree = BUILT_PRODUCTS_DIR; };
		DD9DD37B2ED53600007E1AD1 /* AppDelegate.swift */ = {isa = PBXFileReference; lastKnownFileType = sourcecode.swift; path = AppDelegate.swift; sourceTree = "<group>"; };
		DD9DD37C2ED53600007E1AD1 /* MindVaultApp.swift */ = {isa = PBXFileReference; lastKnownFileType = sourcecode.swift; path = MindVaultApp.swift; sourceTree = "<group>"; };
		DD9DD37E2ED53600007E1AD1 /* MediaType.swift */ = {isa = PBXFileReference; lastKnownFileType = sourcecode.swift; path = MediaType.swift; sourceTree = "<group>"; };
		DD9DD37F2ED53600007E1AD1 /* PersistenceController.swift */ = {isa = PBXFileReference; lastKnownFileType = sourcecode.swift; path = PersistenceController.swift; sourceTree = "<group>"; };
		DD9DD3802ED53600007E1AD1 /* TimeLockedItem+CoreDataClass.swift */ = {isa = PBXFileReference; lastKnownFileType = sourcecode.swift; path = "TimeLockedItem+CoreDataClass.swift"; sourceTree = "<group>"; };
		DD9DD3812ED53600007E1AD1 /* TimeLockedItem+CoreDataProperties.swift */ = {isa = PBXFileReference; lastKnownFileType = sourcecode.swift; path = "TimeLockedItem+CoreDataProperties.swift"; sourceTree = "<group>"; };
		DD9DD3822ED53600007E1AD1 /* UnlockStatus.swift */ = {isa = PBXFileReference; lastKnownFileType = sourcecode.swift; path = UnlockStatus.swift; sourceTree = "<group>"; };
		DD9DD3842ED53600007E1AD1 /* Info.plist */ = {isa = PBXFileReference; lastKnownFileType = text.plist.xml; path = Info.plist; sourceTree = "<group>"; };
		DD9DD3872ED53600007E1AD1 /* AuthenticationService.swift */ = {isa = PBXFileReference; lastKnownFileType = sourcecode.swift; path = AuthenticationService.swift; sourceTree = "<group>"; };
		DD9DD3882ED53600007E1AD1 /* EncryptionService.swift */ = {isa = PBXFileReference; lastKnownFileType = sourcecode.swift; path = EncryptionService.swift; sourceTree = "<group>"; };
		DD9DD3892ED53600007E1AD1 /* NotificationService.swift */ = {isa = PBXFileReference; lastKnownFileType = sourcecode.swift; path = NotificationService.swift; sourceTree = "<group>"; };
		DD9DD38A2ED53600007E1AD1 /* StorageService.swift */ = {isa = PBXFileReference; lastKnownFileType = sourcecode.swift; path = StorageService.swift; sourceTree = "<group>"; };
		DD9DD38B2ED53600007E1AD1 /* UnlockService.swift */ = {isa = PBXFileReference; lastKnownFileType = sourcecode.swift; path = UnlockService.swift; sourceTree = "<group>"; };
		DD9DD38E2ED53600007E1AD1 /* Date+Extensions.swift */ = {isa = PBXFileReference; lastKnownFileType = sourcecode.swift; path = "Date+Extensions.swift"; sourceTree = "<group>"; };
		DD9DD3902ED53600007E1AD1 /* KeychainManager.swift */ = {isa = PBXFileReference; lastKnownFileType = sourcecode.swift; path = KeychainManager.swift; sourceTree = "<group>"; };
		DD9DD3922ED53600007E1AD1 /* CreateItemViewModel.swift */ = {isa = PBXFileReference; lastKnownFileType = sourcecode.swift; path = CreateItemViewModel.swift; sourceTree = "<group>"; };
		DD9DD3932ED53600007E1AD1 /* ItemDetailViewModel.swift */ = {isa = PBXFileReference; lastKnownFileType = sourcecode.swift; path = ItemDetailViewModel.swift; sourceTree = "<group>"; };
		DD9DD3942ED53600007E1AD1 /* VaultViewModel.swift */ = {isa = PBXFileReference; lastKnownFileType = sourcecode.swift; path = VaultViewModel.swift; sourceTree = "<group>"; };
		DD9DD3962ED53600007E1AD1 /* AudioInputView.swift */ = {isa = PBXFileReference; lastKnownFileType = sourcecode.swift; path = AudioInputView.swift; sourceTree = "<group>"; };
		DD9DD3972ED53600007E1AD1 /* CodeInputView.swift */ = {isa = PBXFileReference; lastKnownFileType = sourcecode.swift; path = CodeInputView.swift; sourceTree = "<group>"; };
		DD9DD3982ED53600007E1AD1 /* CreateItemView.swift */ = {isa = PBXFileReference; lastKnownFileType = sourcecode.swift; path = CreateItemView.swift; sourceTree = "<group>"; };
		DD9DD3992ED53600007E1AD1 /* ImageInputView.swift */ = {isa = PBXFileReference; lastKnownFileType = sourcecode.swift; path = ImageInputView.swift; sourceTree = "<group>"; };
		DD9DD39A2ED53600007E1AD1 /* MediaInputView.swift */ = {isa = PBXFileReference; lastKnownFileType = sourcecode.swift; path = MediaInputView.swift; sourceTree = "<group>"; };
		DD9DD39B2ED53600007E1AD1 /* MediaTypeSelector.swift */ = {isa = PBXFileReference; lastKnownFileType = sourcecode.swift; path = MediaTypeSelector.swift; sourceTree = "<group>"; };
		DD9DD39C2ED53600007E1AD1 /* VideoInputView.swift */ = {isa = PBXFileReference; lastKnownFileType = sourcecode.swift; path = VideoInputView.swift; sourceTree = "<group>"; };
		DD9DD39D2ED53600007E1AD1 /* VoiceInputView.swift */ = {isa = PBXFileReference; lastKnownFileType = sourcecode.swift; path = VoiceInputView.swift; sourceTree = "<group>"; };
		DD9DD39F2ED53600007E1AD1 /* AudioViewer.swift */ = {isa = PBXFileReference; lastKnownFileType = sourcecode.swift; path = AudioViewer.swift; sourceTree = "<group>"; };
		DD9DD3A02ED53600007E1AD1 /* CodeViewer.swift */ = {isa = PBXFileReference; lastKnownFileType = sourcecode.swift; path = CodeViewer.swift; sourceTree = "<group>"; };
		DD9DD3A12ED53600007E1AD1 /* ImageViewer.swift */ = {isa = PBXFileReference; lastKnownFileType = sourcecode.swift; path = ImageViewer.swift; sourceTree = "<group>"; };
		DD9DD3A22ED53600007E1AD1 /* TextViewer.swift */ = {isa = PBXFileReference; lastKnownFileType = sourcecode.swift; path = TextViewer.swift; sourceTree = "<group>"; };
		DD9DD3A32ED53600007E1AD1 /* URLViewer.swift */ = {isa = PBXFileReference; lastKnownFileType = sourcecode.swift; path = URLViewer.swift; sourceTree = "<group>"; };
		DD9DD3A42ED53600007E1AD1 /* VideoViewer.swift */ = {isa = PBXFileReference; lastKnownFileType = sourcecode.swift; path = VideoViewer.swift; sourceTree = "<group>"; };
		DD9DD3A62ED53600007E1AD1 /* ItemDetailView.swift */ = {isa = PBXFileReference; lastKnownFileType = sourcecode.swift; path = ItemDetailView.swift; sourceTree = "<group>"; };
		DD9DD3A92ED53600007E1AD1 /* SettingsView.swift */ = {isa = PBXFileReference; lastKnownFileType = sourcecode.swift; path = SettingsView.swift; sourceTree = "<group>"; };
		DD9DD3AB2ED53600007E1AD1 /* UnlockedView.swift */ = {isa = PBXFileReference; lastKnownFileType = sourcecode.swift; path = UnlockedView.swift; sourceTree = "<group>"; };
		DD9DD3AD2ED53600007E1AD1 /* LockedItemCard.swift */ = {isa = PBXFileReference; lastKnownFileType = sourcecode.swift; path = LockedItemCard.swift; sourceTree = "<group>"; };
		DD9DD3AE2ED53600007E1AD1 /* LockedItemRow.swift */ = {isa = PBXFileReference; lastKnownFileType = sourcecode.swift; path = LockedItemRow.swift; sourceTree = "<group>"; };
		DD9DD3AF2ED53600007E1AD1 /* VaultGridView.swift */ = {isa = PBXFileReference; lastKnownFileType = sourcecode.swift; path = VaultGridView.swift; sourceTree = "<group>"; };
		DD9DD3B02ED53600007E1AD1 /* VaultListView.swift */ = {isa = PBXFileReference; lastKnownFileType = sourcecode.swift; path = VaultListView.swift; sourceTree = "<group>"; };
		DD9DD3B12ED53600007E1AD1 /* VaultView.swift */ = {isa = PBXFileReference; lastKnownFileType = sourcecode.swift; path = VaultView.swift; sourceTree = "<group>"; };
		DD9DD3B32ED53600007E1AD1 /* AuthenticationView.swift */ = {isa = PBXFileReference; lastKnownFileType = sourcecode.swift; path = AuthenticationView.swift; sourceTree = "<group>"; };
		DD9DD3B62ED53600007E1AD1 /* MindVault.xcdatamodel */ = {isa = PBXFileReference; lastKnownFileType = wrapper.xcdatamodel; path = MindVault.xcdatamodel; sourceTree = "<group>"; };
		DD9DD3E12ED53DA3007E1AD1 /* ContentView.swift */ = {isa = PBXFileReference; lastKnownFileType = sourcecode.swift; path = ContentView.swift; sourceTree = "<group>"; };
/* End PBXFileReference section */

/* Begin PBXFrameworksBuildPhase section */
		DD9DD36A2ED53568007E1AD1 /* Frameworks */ = {
			isa = PBXFrameworksBuildPhase;
			buildActionMask = 2147483647;
			files = (
			);
			runOnlyForDeploymentPostprocessing = 0;
		};
/* End PBXFrameworksBuildPhase section */

/* Begin PBXGroup section */
		DD9DD3642ED53568007E1AD1 = {
			isa = PBXGroup;
			children = (
				DD9DD3B52ED53600007E1AD1 /* MindVault */,
				DD9DD36E2ED53568007E1AD1 /* Products */,
			);
			sourceTree = "<group>";
		};
		DD9DD36E2ED53568007E1AD1 /* Products */ = {
			isa = PBXGroup;
			children = (
				DD9DD36D2ED53568007E1AD1 /* mindvault.app */,
			);
			name = Products;
			sourceTree = "<group>";
		};
		DD9DD37D2ED53600007E1AD1 /* App */ = {
			isa = PBXGroup;
			children = (
				DD9DD37B2ED53600007E1AD1 /* AppDelegate.swift */,
				DD9DD37C2ED53600007E1AD1 /* MindVaultApp.swift */,
			);
			path = App;
			sourceTree = "<group>";
		};
		DD9DD3832ED53600007E1AD1 /* Models */ = {
			isa = PBXGroup;
			children = (
				DD9DD37E2ED53600007E1AD1 /* MediaType.swift */,
				DD9DD37F2ED53600007E1AD1 /* PersistenceController.swift */,
				DD9DD3802ED53600007E1AD1 /* TimeLockedItem+CoreDataClass.swift */,
				DD9DD3812ED53600007E1AD1 /* TimeLockedItem+CoreDataProperties.swift */,
				DD9DD3822ED53600007E1AD1 /* UnlockStatus.swift */,
			);
			path = Models;
			sourceTree = "<group>";
		};
		DD9DD3862ED53600007E1AD1 /* Resources */ = {
			isa = PBXGroup;
			children = (
				DD9DD3842ED53600007E1AD1 /* Info.plist */,
				DD9DD3852ED53600007E1AD1 /* MindVault.xcdatamodeld */,
			);
			path = Resources;
			sourceTree = "<group>";
		};
		DD9DD38C2ED53600007E1AD1 /* Services */ = {
			isa = PBXGroup;
			children = (
				DD9DD3872ED53600007E1AD1 /* AuthenticationService.swift */,
				DD9DD3882ED53600007E1AD1 /* EncryptionService.swift */,
				DD9DD3892ED53600007E1AD1 /* NotificationService.swift */,
				DD9DD38A2ED53600007E1AD1 /* StorageService.swift */,
				DD9DD38B2ED53600007E1AD1 /* UnlockService.swift */,
			);
			path = Services;
			sourceTree = "<group>";
		};
		DD9DD38D2ED53600007E1AD1 /* Tests */ = {
			isa = PBXGroup;
			children = (
			);
			path = Tests;
			sourceTree = "<group>";
		};
		DD9DD38F2ED53600007E1AD1 /* Extensions */ = {
			isa = PBXGroup;
			children = (
				DD9DD38E2ED53600007E1AD1 /* Date+Extensions.swift */,
			);
			path = Extensions;
			sourceTree = "<group>";
		};
		DD9DD3912ED53600007E1AD1 /* Utilities */ = {
			isa = PBXGroup;
			children = (
				DD9DD38F2ED53600007E1AD1 /* Extensions */,
				DD9DD3902ED53600007E1AD1 /* KeychainManager.swift */,
			);
			path = Utilities;
			sourceTree = "<group>";
		};
		DD9DD3952ED53600007E1AD1 /* ViewModels */ = {
			isa = PBXGroup;
			children = (
				DD9DD3E12ED53DA3007E1AD1 /* ContentView.swift */,
				DD9DD3922ED53600007E1AD1 /* CreateItemViewModel.swift */,
				DD9DD3932ED53600007E1AD1 /* ItemDetailViewModel.swift */,
				DD9DD3942ED53600007E1AD1 /* VaultViewModel.swift */,
			);
			path = ViewModels;
			sourceTree = "<group>";
		};
		DD9DD39E2ED53600007E1AD1 /* Create */ = {
			isa = PBXGroup;
			children = (
				DD9DD3962ED53600007E1AD1 /* AudioInputView.swift */,
				DD9DD3972ED53600007E1AD1 /* CodeInputView.swift */,
				DD9DD3982ED53600007E1AD1 /* CreateItemView.swift */,
				DD9DD3992ED53600007E1AD1 /* ImageInputView.swift */,
				DD9DD39A2ED53600007E1AD1 /* MediaInputView.swift */,
				DD9DD39B2ED53600007E1AD1 /* MediaTypeSelector.swift */,
				DD9DD39C2ED53600007E1AD1 /* VideoInputView.swift */,
				DD9DD39D2ED53600007E1AD1 /* VoiceInputView.swift */,
			);
			path = Create;
			sourceTree = "<group>";
		};
		DD9DD3A52ED53600007E1AD1 /* MediaViewer */ = {
			isa = PBXGroup;
			children = (
				DD9DD39F2ED53600007E1AD1 /* AudioViewer.swift */,
				DD9DD3A02ED53600007E1AD1 /* CodeViewer.swift */,
				DD9DD3A12ED53600007E1AD1 /* ImageViewer.swift */,
				DD9DD3A22ED53600007E1AD1 /* TextViewer.swift */,
				DD9DD3A32ED53600007E1AD1 /* URLViewer.swift */,
				DD9DD3A42ED53600007E1AD1 /* VideoViewer.swift */,
			);
			path = MediaViewer;
			sourceTree = "<group>";
		};
		DD9DD3A72ED53600007E1AD1 /* Detail */ = {
			isa = PBXGroup;
			children = (
				DD9DD3A52ED53600007E1AD1 /* MediaViewer */,
				DD9DD3A62ED53600007E1AD1 /* ItemDetailView.swift */,
			);
			path = Detail;
			sourceTree = "<group>";
		};
		DD9DD3A82ED53600007E1AD1 /* Onboarding */ = {
			isa = PBXGroup;
			children = (
			);
			path = Onboarding;
			sourceTree = "<group>";
		};
		DD9DD3AA2ED53600007E1AD1 /* Settings */ = {
			isa = PBXGroup;
			children = (
				DD9DD3A92ED53600007E1AD1 /* SettingsView.swift */,
			);
			path = Settings;
			sourceTree = "<group>";
		};
		DD9DD3AC2ED53600007E1AD1 /* Unlocked */ = {
			isa = PBXGroup;
			children = (
				DD9DD3AB2ED53600007E1AD1 /* UnlockedView.swift */,
			);
			path = Unlocked;
			sourceTree = "<group>";
		};
		DD9DD3B22ED53600007E1AD1 /* Vault */ = {
			isa = PBXGroup;
			children = (
				DD9DD3AD2ED53600007E1AD1 /* LockedItemCard.swift */,
				DD9DD3AE2ED53600007E1AD1 /* LockedItemRow.swift */,
				DD9DD3AF2ED53600007E1AD1 /* VaultGridView.swift */,
				DD9DD3B02ED53600007E1AD1 /* VaultListView.swift */,
				DD9DD3B12ED53600007E1AD1 /* VaultView.swift */,
				DD5ADE7B2ED54AB300F48307 /* EditItemView 2.swift */,
			);
			path = Vault;
			sourceTree = "<group>";
		};
		DD9DD3B42ED53600007E1AD1 /* Views */ = {
			isa = PBXGroup;
			children = (
				DD9DD39E2ED53600007E1AD1 /* Create */,
				DD9DD3A72ED53600007E1AD1 /* Detail */,
				DD9DD3A82ED53600007E1AD1 /* Onboarding */,
				DD9DD3AA2ED53600007E1AD1 /* Settings */,
				DD9DD3AC2ED53600007E1AD1 /* Unlocked */,
				DD9DD3B22ED53600007E1AD1 /* Vault */,
				DD9DD3B32ED53600007E1AD1 /* AuthenticationView.swift */,
			);
			path = Views;
			sourceTree = "<group>";
		};
		DD9DD3B52ED53600007E1AD1 /* MindVault */ = {
			isa = PBXGroup;
			children = (
				DD9DD37D2ED53600007E1AD1 /* App */,
				DD9DD3832ED53600007E1AD1 /* Models */,
				DD9DD3862ED53600007E1AD1 /* Resources */,
				DD9DD38C2ED53600007E1AD1 /* Services */,
				DD9DD38D2ED53600007E1AD1 /* Tests */,
				DD9DD3912ED53600007E1AD1 /* Utilities */,
				DD9DD3952ED53600007E1AD1 /* ViewModels */,
				DD9DD3B42ED53600007E1AD1 /* Views */,
			);
			path = MindVault;
			sourceTree = "<group>";
		};
/* End PBXGroup section */

/* Begin PBXNativeTarget section */
		DD9DD36C2ED53568007E1AD1 /* mindvault */ = {
			isa = PBXNativeTarget;
			buildConfigurationList = DD9DD3782ED53569007E1AD1 /* Build configuration list for PBXNativeTarget "mindvault" */;
			buildPhases = (
				DD9DD3692ED53568007E1AD1 /* Sources */,
				DD9DD36A2ED53568007E1AD1 /* Frameworks */,
				DD9DD36B2ED53568007E1AD1 /* Resources */,
			);
			buildRules = (
			);
			dependencies = (
			);
			name = mindvault;
			packageProductDependencies = (
			);
			productName = mindvault;
			productReference = DD9DD36D2ED53568007E1AD1 /* mindvault.app */;
			productType = "com.apple.product-type.application";
		};
/* End PBXNativeTarget section */

/* Begin PBXProject section */
		DD9DD3652ED53568007E1AD1 /* Project object */ = {
			isa = PBXProject;
			attributes = {
				BuildIndependentTargetsInParallel = 1;
				LastSwiftUpdateCheck = 2610;
				LastUpgradeCheck = 2610;
				TargetAttributes = {
					DD9DD36C2ED53568007E1AD1 = {
						CreatedOnToolsVersion = 26.1.1;
					};
				};
			};
			buildConfigurationList = DD9DD3682ED53568007E1AD1 /* Build configuration list for PBXProject "mindvault" */;
			developmentRegion = en;
			hasScannedForEncodings = 0;
			knownRegions = (
				en,
				Base,
			);
			mainGroup = DD9DD3642ED53568007E1AD1;
			minimizedProjectReferenceProxies = 1;
			preferredProjectObjectVersion = 77;
			productRefGroup = DD9DD36E2ED53568007E1AD1 /* Products */;
			projectDirPath = "";
			projectRoot = "";
			targets = (
				DD9DD36C2ED53568007E1AD1 /* mindvault */,
			);
		};
/* End PBXProject section */

/* Begin PBXResourcesBuildPhase section */
		DD9DD36B2ED53568007E1AD1 /* Resources */ = {
			isa = PBXResourcesBuildPhase;
			buildActionMask = 2147483647;
			files = (
			);
			runOnlyForDeploymentPostprocessing = 0;
		};
/* End PBXResourcesBuildPhase section */

/* Begin PBXSourcesBuildPhase section */
		DD9DD3692ED53568007E1AD1 /* Sources */ = {
			isa = PBXSourcesBuildPhase;
			buildActionMask = 2147483647;
			files = (
				DD9DD3B82ED53600007E1AD1 /* VaultGridView.swift in Sources */,
				DD9DD3B92ED53600007E1AD1 /* VaultViewModel.swift in Sources */,
				DD9DD3E22ED53DA3007E1AD1 /* ContentView.swift in Sources */,
				DD9DD3BA2ED53600007E1AD1 /* VideoInputView.swift in Sources */,
				DD9DD3BB2ED53600007E1AD1 /* TimeLockedItem+CoreDataProperties.swift in Sources */,
				DD9DD3BC2ED53600007E1AD1 /* AuthenticationService.swift in Sources */,
				DD9DD3BD2ED53600007E1AD1 /* URLViewer.swift in Sources */,
				DD9DD3BE2ED53600007E1AD1 /* KeychainManager.swift in Sources */,
				DD9DD3BF2ED53600007E1AD1 /* LockedItemCard.swift in Sources */,
				DD9DD3C02ED53600007E1AD1 /* ImageInputView.swift in Sources */,
				DD9DD3C12ED53600007E1AD1 /* CodeInputView.swift in Sources */,
				DD9DD3C22ED53600007E1AD1 /* VaultListView.swift in Sources */,
				DD9DD3C32ED53600007E1AD1 /* ImageViewer.swift in Sources */,
				DD9DD3C42ED53600007E1AD1 /* VoiceInputView.swift in Sources */,
				DD9DD3C52ED53600007E1AD1 /* CreateItemView.swift in Sources */,
				DD9DD3C62ED53600007E1AD1 /* AudioViewer.swift in Sources */,
				DD9DD3C72ED53600007E1AD1 /* AuthenticationView.swift in Sources */,
				DD9DD3C82ED53600007E1AD1 /* AudioInputView.swift in Sources */,
				DD9DD3C92ED53600007E1AD1 /* UnlockedView.swift in Sources */,
				DD9DD3CA2ED53600007E1AD1 /* CodeViewer.swift in Sources */,
				DD9DD3CB2ED53600007E1AD1 /* EncryptionService.swift in Sources */,
				DD9DD3CC2ED53600007E1AD1 /* PersistenceController.swift in Sources */,
				DD9DD3CD2ED53600007E1AD1 /* AppDelegate.swift in Sources */,
				DD9DD3CE2ED53600007E1AD1 /* LockedItemRow.swift in Sources */,
				DD9DD3CF2ED53600007E1AD1 /* StorageService.swift in Sources */,
				DD9DD3D02ED53600007E1AD1 /* NotificationService.swift in Sources */,
				DD9DD3D12ED53600007E1AD1 /* UnlockStatus.swift in Sources */,
				DD9DD3D22ED53600007E1AD1 /* CreateItemViewModel.swift in Sources */,
				DD9DD3D32ED53600007E1AD1 /* ItemDetailView.swift in Sources */,
				DD9DD3D42ED53600007E1AD1 /* Date+Extensions.swift in Sources */,
				DD9DD3D52ED53600007E1AD1 /* SettingsView.swift in Sources */,
				DD9DD3D62ED53600007E1AD1 /* UnlockService.swift in Sources */,
				DD9DD3D72ED53600007E1AD1 /* VideoViewer.swift in Sources */,
				DD9DD3D82ED53600007E1AD1 /* MediaTypeSelector.swift in Sources */,
				DD9DD3D92ED53600007E1AD1 /* MediaType.swift in Sources */,
				DD9DD3DA2ED53600007E1AD1 /* MediaInputView.swift in Sources */,
				DD9DD3DB2ED53600007E1AD1 /* VaultView.swift in Sources */,
				DD9DD3DC2ED53600007E1AD1 /* TimeLockedItem+CoreDataClass.swift in Sources */,
				DD5ADE7C2ED54AB300F48307 /* EditItemView 2.swift in Sources */,
				DD9DD3DD2ED53600007E1AD1 /* ItemDetailViewModel.swift in Sources */,
				DD9DD3DE2ED53600007E1AD1 /* MindVault.xcdatamodeld in Sources */,
				DD9DD3DF2ED53600007E1AD1 /* MindVaultApp.swift in Sources */,
				DD9DD3E02ED53600007E1AD1 /* TextViewer.swift in Sources */,
			);
			runOnlyForDeploymentPostprocessing = 0;
		};
/* End PBXSourcesBuildPhase section */

/* Begin XCBuildConfiguration section */
		DD9DD3762ED53569007E1AD1 /* Debug */ = {
			isa = XCBuildConfiguration;
			buildSettings = {
				ALWAYS_SEARCH_USER_PATHS = NO;
				ASSETCATALOG_COMPILER_GENERATE_SWIFT_ASSET_SYMBOL_EXTENSIONS = YES;
				CLANG_ANALYZER_NONNULL = YES;
				CLANG_ANALYZER_NUMBER_OBJECT_CONVERSION = YES_AGGRESSIVE;
				CLANG_CXX_LANGUAGE_STANDARD = "gnu++20";
				CLANG_ENABLE_MODULES = YES;
				CLANG_ENABLE_OBJC_ARC = YES;
				CLANG_ENABLE_OBJC_WEAK = YES;
				CLANG_WARN_BLOCK_CAPTURE_AUTORELEASING = YES;
				CLANG_WARN_BOOL_CONVERSION = YES;
				CLANG_WARN_COMMA = YES;
				CLANG_WARN_CONSTANT_CONVERSION = YES;
				CLANG_WARN_DEPRECATED_OBJC_IMPLEMENTATIONS = YES;
				CLANG_WARN_DIRECT_OBJC_ISA_USAGE = YES_ERROR;
				CLANG_WARN_DOCUMENTATION_COMMENTS = YES;
				CLANG_WARN_EMPTY_BODY = YES;
				CLANG_WARN_ENUM_CONVERSION = YES;
				CLANG_WARN_INFINITE_RECURSION = YES;
				CLANG_WARN_INT_CONVERSION = YES;
				CLANG_WARN_NON_LITERAL_NULL_CONVERSION = YES;
				CLANG_WARN_OBJC_IMPLICIT_RETAIN_SELF = YES;
				CLANG_WARN_OBJC_LITERAL_CONVERSION = YES;
				CLANG_WARN_OBJC_ROOT_CLASS = YES_ERROR;
				CLANG_WARN_QUOTED_INCLUDE_IN_FRAMEWORK_HEADER = YES;
				CLANG_WARN_RANGE_LOOP_ANALYSIS = YES;
				CLANG_WARN_STRICT_PROTOTYPES = YES;
				CLANG_WARN_SUSPICIOUS_MOVE = YES;
				CLANG_WARN_UNGUARDED_AVAILABILITY = YES_AGGRESSIVE;
				CLANG_WARN_UNREACHABLE_CODE = YES;
				CLANG_WARN__DUPLICATE_METHOD_MATCH = YES;
				COPY_PHASE_STRIP = NO;
				DEBUG_INFORMATION_FORMAT = dwarf;
				DEVELOPMENT_TEAM = APHMV4Q24X;
				ENABLE_STRICT_OBJC_MSGSEND = YES;
				ENABLE_TESTABILITY = YES;
				ENABLE_USER_SCRIPT_SANDBOXING = YES;
				GCC_C_LANGUAGE_STANDARD = gnu17;
				GCC_DYNAMIC_NO_PIC = NO;
				GCC_NO_COMMON_BLOCKS = YES;
				GCC_OPTIMIZATION_LEVEL = 0;
				GCC_PREPROCESSOR_DEFINITIONS = (
					"DEBUG=1",
					"$(inherited)",
				);
				GCC_WARN_64_TO_32_BIT_CONVERSION = YES;
				GCC_WARN_ABOUT_RETURN_TYPE = YES_ERROR;
				GCC_WARN_UNDECLARED_SELECTOR = YES;
				GCC_WARN_UNINITIALIZED_AUTOS = YES_AGGRESSIVE;
				GCC_WARN_UNUSED_FUNCTION = YES;
				GCC_WARN_UNUSED_VARIABLE = YES;
				IPHONEOS_DEPLOYMENT_TARGET = 26.1;
				LOCALIZATION_PREFERS_STRING_CATALOGS = YES;
				MTL_ENABLE_DEBUG_INFO = INCLUDE_SOURCE;
				MTL_FAST_MATH = YES;
				ONLY_ACTIVE_ARCH = YES;
				SDKROOT = iphoneos;
				SWIFT_ACTIVE_COMPILATION_CONDITIONS = "DEBUG $(inherited)";
				SWIFT_OPTIMIZATION_LEVEL = "-Onone";
			};
			name = Debug;
		};
		DD9DD3772ED53569007E1AD1 /* Release */ = {
			isa = XCBuildConfiguration;
			buildSettings = {
				ALWAYS_SEARCH_USER_PATHS = NO;
				ASSETCATALOG_COMPILER_GENERATE_SWIFT_ASSET_SYMBOL_EXTENSIONS = YES;
				CLANG_ANALYZER_NONNULL = YES;
				CLANG_ANALYZER_NUMBER_OBJECT_CONVERSION = YES_AGGRESSIVE;
				CLANG_CXX_LANGUAGE_STANDARD = "gnu++20";
				CLANG_ENABLE_MODULES = YES;
				CLANG_ENABLE_OBJC_ARC = YES;
				CLANG_ENABLE_OBJC_WEAK = YES;
				CLANG_WARN_BLOCK_CAPTURE_AUTORELEASING = YES;
				CLANG_WARN_BOOL_CONVERSION = YES;
				CLANG_WARN_COMMA = YES;
				CLANG_WARN_CONSTANT_CONVERSION = YES;
				CLANG_WARN_DEPRECATED_OBJC_IMPLEMENTATIONS = YES;
				CLANG_WARN_DIRECT_OBJC_ISA_USAGE = YES_ERROR;
				CLANG_WARN_DOCUMENTATION_COMMENTS = YES;
				CLANG_WARN_EMPTY_BODY = YES;
				CLANG_WARN_ENUM_CONVERSION = YES;
				CLANG_WARN_INFINITE_RECURSION = YES;
				CLANG_WARN_INT_CONVERSION = YES;
				CLANG_WARN_NON_LITERAL_NULL_CONVERSION = YES;
				CLANG_WARN_OBJC_IMPLICIT_RETAIN_SELF = YES;
				CLANG_WARN_OBJC_LITERAL_CONVERSION = YES;
				CLANG_WARN_OBJC_ROOT_CLASS = YES_ERROR;
				CLANG_WARN_QUOTED_INCLUDE_IN_FRAMEWORK_HEADER = YES;
				CLANG_WARN_RANGE_LOOP_ANALYSIS = YES;
				CLANG_WARN_STRICT_PROTOTYPES = YES;
				CLANG_WARN_SUSPICIOUS_MOVE = YES;
				CLANG_WARN_UNGUARDED_AVAILABILITY = YES_AGGRESSIVE;
				CLANG_WARN_UNREACHABLE_CODE = YES;
				CLANG_WARN__DUPLICATE_METHOD_MATCH = YES;
				COPY_PHASE_STRIP = NO;
				DEBUG_INFORMATION_FORMAT = "dwarf-with-dsym";
				DEVELOPMENT_TEAM = APHMV4Q24X;
				ENABLE_NS_ASSERTIONS = NO;
				ENABLE_STRICT_OBJC_MSGSEND = YES;
				ENABLE_USER_SCRIPT_SANDBOXING = YES;
				GCC_C_LANGUAGE_STANDARD = gnu17;
				GCC_NO_COMMON_BLOCKS = YES;
				GCC_WARN_64_TO_32_BIT_CONVERSION = YES;
				GCC_WARN_ABOUT_RETURN_TYPE = YES_ERROR;
				GCC_WARN_UNDECLARED_SELECTOR = YES;
				GCC_WARN_UNINITIALIZED_AUTOS = YES_AGGRESSIVE;
				GCC_WARN_UNUSED_FUNCTION = YES;
				GCC_WARN_UNUSED_VARIABLE = YES;
				IPHONEOS_DEPLOYMENT_TARGET = 26.1;
				LOCALIZATION_PREFERS_STRING_CATALOGS = YES;
				MTL_ENABLE_DEBUG_INFO = NO;
				MTL_FAST_MATH = YES;
				SDKROOT = iphoneos;
				SWIFT_COMPILATION_MODE = wholemodule;
				VALIDATE_PRODUCT = YES;
			};
			name = Release;
		};
		DD9DD3792ED53569007E1AD1 /* Debug */ = {
			isa = XCBuildConfiguration;
			buildSettings = {
				ASSETCATALOG_COMPILER_APPICON_NAME = AppIcon;
				ASSETCATALOG_COMPILER_GLOBAL_ACCENT_COLOR_NAME = AccentColor;
				CODE_SIGN_STYLE = Automatic;
				CURRENT_PROJECT_VERSION = 1;
				DEVELOPMENT_TEAM = APHMV4Q24X;
				ENABLE_PREVIEWS = YES;
				GENERATE_INFOPLIST_FILE = NO;
				INFOPLIST_FILE = MindVault/Resources/Info.plist;
				INFOPLIST_KEY_UIApplicationSceneManifest_Generation = YES;
				INFOPLIST_KEY_UIApplicationSupportsIndirectInputEvents = YES;
				INFOPLIST_KEY_UILaunchScreen_Generation = YES;
				INFOPLIST_KEY_UISupportedInterfaceOrientations_iPad = "UIInterfaceOrientationPortrait UIInterfaceOrientationPortraitUpsideDown UIInterfaceOrientationLandscapeLeft UIInterfaceOrientationLandscapeRight";
				INFOPLIST_KEY_UISupportedInterfaceOrientations_iPhone = "UIInterfaceOrientationPortrait UIInterfaceOrientationLandscapeLeft UIInterfaceOrientationLandscapeRight";
				LD_RUNPATH_SEARCH_PATHS = (
					"$(inherited)",
					"@executable_path/Frameworks",
				);
				MARKETING_VERSION = 1.0;
				PRODUCT_BUNDLE_IDENTIFIER = com.mindvault.app.mindvault;
				PRODUCT_NAME = "$(TARGET_NAME)";
				STRING_CATALOG_GENERATE_SYMBOLS = YES;
				SWIFT_APPROACHABLE_CONCURRENCY = YES;
				SWIFT_DEFAULT_ACTOR_ISOLATION = MainActor;
				SWIFT_EMIT_LOC_STRINGS = YES;
				SWIFT_UPCOMING_FEATURE_MEMBER_IMPORT_VISIBILITY = YES;
				SWIFT_VERSION = 5.0;
				TARGETED_DEVICE_FAMILY = "1,2";
			};
			name = Debug;
		};
		DD9DD37A2ED53569007E1AD1 /* Release */ = {
			isa = XCBuildConfiguration;
			buildSettings = {
				ASSETCATALOG_COMPILER_APPICON_NAME = AppIcon;
				ASSETCATALOG_COMPILER_GLOBAL_ACCENT_COLOR_NAME = AccentColor;
				CODE_SIGN_STYLE = Automatic;
				CURRENT_PROJECT_VERSION = 1;
				DEVELOPMENT_TEAM = APHMV4Q24X;
				ENABLE_PREVIEWS = YES;
				GENERATE_INFOPLIST_FILE = NO;
				INFOPLIST_FILE = MindVault/Resources/Info.plist;
				INFOPLIST_KEY_UIApplicationSceneManifest_Generation = YES;
				INFOPLIST_KEY_UIApplicationSupportsIndirectInputEvents = YES;
				INFOPLIST_KEY_UILaunchScreen_Generation = YES;
				INFOPLIST_KEY_UISupportedInterfaceOrientations_iPad = "UIInterfaceOrientationPortrait UIInterfaceOrientationPortraitUpsideDown UIInterfaceOrientationLandscapeLeft UIInterfaceOrientationLandscapeRight";
				INFOPLIST_KEY_UISupportedInterfaceOrientations_iPhone = "UIInterfaceOrientationPortrait UIInterfaceOrientationLandscapeLeft UIInterfaceOrientationLandscapeRight";
				LD_RUNPATH_SEARCH_PATHS = (
					"$(inherited)",
					"@executable_path/Frameworks",
				);
				MARKETING_VERSION = 1.0;
				PRODUCT_BUNDLE_IDENTIFIER = com.mindvault.app.mindvault;
				PRODUCT_NAME = "$(TARGET_NAME)";
				STRING_CATALOG_GENERATE_SYMBOLS = YES;
				SWIFT_APPROACHABLE_CONCURRENCY = YES;
				SWIFT_DEFAULT_ACTOR_ISOLATION = MainActor;
				SWIFT_EMIT_LOC_STRINGS = YES;
				SWIFT_UPCOMING_FEATURE_MEMBER_IMPORT_VISIBILITY = YES;
				SWIFT_VERSION = 5.0;
				TARGETED_DEVICE_FAMILY = "1,2";
			};
			name = Release;
		};
/* End XCBuildConfiguration section */

/* Begin XCConfigurationList section */
		DD9DD3682ED53568007E1AD1 /* Build configuration list for PBXProject "mindvault" */ = {
			isa = XCConfigurationList;
			buildConfigurations = (
				DD9DD3762ED53569007E1AD1 /* Debug */,
				DD9DD3772ED53569007E1AD1 /* Release */,
			);
			defaultConfigurationIsVisible = 0;
			defaultConfigurationName = Release;
		};
		DD9DD3782ED53569007E1AD1 /* Build configuration list for PBXNativeTarget "mindvault" */ = {
			isa = XCConfigurationList;
			buildConfigurations = (
				DD9DD3792ED53569007E1AD1 /* Debug */,
				DD9DD37A2ED53569007E1AD1 /* Release */,
			);
			defaultConfigurationIsVisible = 0;
			defaultConfigurationName = Release;
		};
/* End XCConfigurationList section */

/* Begin XCVersionGroup section */
		DD9DD3852ED53600007E1AD1 /* MindVault.xcdatamodeld */ = {
			isa = XCVersionGroup;
			children = (
				DD9DD3B62ED53600007E1AD1 /* MindVault.xcdatamodel */,
			);
			currentVersion = DD9DD3B62ED53600007E1AD1 /* MindVault.xcdatamodel */;
			path = MindVault.xcdatamodeld;
			sourceTree = "<group>";
			versionGroupType = wrapper.xcdatamodel;
		};
/* End XCVersionGroup section */
	};
	rootObject = DD9DD3652ED53568007E1AD1 /* Project object */;
}
